
Microsoft Visual Studio Solution File, Format Version 12.00
# Visual Studio Version 16
VisualStudioVersion = 16.0.32413.511
MinimumVisualStudioVersion = 10.0.40219.1
Project("{FAE04EC0-301F-11D3-BF4B-00C04F79EFBC}") = "ConsoleApp1", "ConsoleApp1\ConsoleApp1.csproj", "{E95D5E43-6ACB-424E-817F-F47E0EA7B33E}"
EndProject
Global
	GlobalSection(SolutionConfigurationPlatforms) = preSolution
		Debug|Any CPU = Debug|Any CPU
		Release|Any CPU = Release|Any CPU
	EndGlobalSection
	GlobalSection(ProjectConfigurationPlatforms) = postSolution
		{E95D5E43-6ACB-424E-817F-F47E0EA7B33E}.Debug|Any CPU.ActiveCfg = Debug|Any CPU
		{E95D5E43-6ACB-424E-817F-F47E0EA7B33E}.Debug|Any CPU.Build.0 = Debug|Any CPU
		{E95D5E43-6ACB-424E-817F-F47E0EA7B33E}.Release|Any CPU.ActiveCfg = Release|Any CPU
		{E95D5E43-6ACB-424E-817F-F47E0EA7B33E}.Release|Any CPU.Build.0 = Release|Any CPU
	EndGlobalSection
	GlobalSection(SolutionProperties) = preSolution
		HideSolutionNode = FALSE
	EndGlobalSection
	GlobalSection(ExtensibilityGlobals) = postSolution
		SolutionGuid = {2B048145-5A84-43BD-84D9-44F20673816E}
	EndGlobalSection
EndGlobal
